
Microsoft Visual Studio Solution File, Format Version 12.00
# Visual Studio Version 17
VisualStudioVersion = 17.10.35027.167
MinimumVisualStudioVersion = 10.0.40219.1
Project("{FAE04EC0-301F-11D3-BF4B-00C04F79EFBC}") = "Crud-CSharp-SqlServer", "Crud-CSharp-SqlServer\Crud-CSharp-SqlServer.csproj", "{FFF7C470-A6BE-4045-8CFC-0FD10ED0DD5A}"
EndProject
Global
	GlobalSection(SolutionConfigurationPlatforms) = preSolution
		Debug|Any CPU = Debug|Any CPU
		Release|Any CPU = Release|Any CPU
	EndGlobalSection
	GlobalSection(ProjectConfigurationPlatforms) = postSolution
		{FFF7C470-A6BE-4045-8CFC-0FD10ED0DD5A}.Debug|Any CPU.ActiveCfg = Debug|Any CPU
		{FFF7C470-A6BE-4045-8CFC-0FD10ED0DD5A}.Debug|Any CPU.Build.0 = Debug|Any CPU
		{FFF7C470-A6BE-4045-8CFC-0FD10ED0DD5A}.Release|Any CPU.ActiveCfg = Release|Any CPU
		{FFF7C470-A6BE-4045-8CFC-0FD10ED0DD5A}.Release|Any CPU.Build.0 = Release|Any CPU
	EndGlobalSection
	GlobalSection(SolutionProperties) = preSolution
		HideSolutionNode = FALSE
	EndGlobalSection
	GlobalSection(ExtensibilityGlobals) = postSolution
		SolutionGuid = {36FFF2DF-722D-4987-8A79-44A24F98617A}
	EndGlobalSection
EndGlobal
